# This file was autogenerated by uv via the following command:
#    uv pip compile requirements-ops.in -o requirements-ops.lock --python /opt/venv/bin/python3 --generate-hashes
orjson==3.11.9 \
    --hash=sha256:011382e2a60fda9d46f1cdee31068cfc52ffe952b587d683ec0463002802a0f4 \
    --hash=sha256:03db380e3780fa0015ed776a90f20e8e20bb11dde13b216ce19e5718e3dfba62 \
    --hash=sha256:051b102c93b4f634e89f3866b07b9a9a98915ada541f4ec30f177067b2694979 \
    --hash=sha256:08f4d8ebb44925c794e535b2bebc507cebf32209df81de22ae285fb0d8d66de0 \
    --hash=sha256:0b34789fa0da61cf7bef0546b09c738fb195331e017e477096d129e9105ab03d \
    --hash=sha256:0e4eed3b200023042814d2fc8a5d2e880f13b52e1ed2485e83da4f3962f7dc1a \
    --hash=sha256:115ab5f5f4a0f203cc2a5f0fb09aee503a3f771aa08392949ab5ca230c4fbdbd \
    --hash=sha256:135869ef917b8704ea0a94e01620e0c05021c15c52036e4663baffe75e72f8ce \
    --hash=sha256:147302878da387104b66bb4a8b0227d1d487e976ce41a8501916161072ed87b1 \
    --hash=sha256:14ed654580c1ed2bc217352ec82f91b047aef82951aa71c7f64e0dcb03c0e180 \
    --hash=sha256:16969c9d369c98eb084889c6e4d2d39b77c7eb38ceccf8da2a9fff62ae908980 \
    --hash=sha256:19b72ed11572a2ee51a67a903afbe5af504f84ed6f529c0fe44b0ab3fb5cc697 \
    --hash=sha256:231742b4a11dad8d5380a435962c57e91b7c37b79be858f4ef1c0df1a259897e \
    --hash=sha256:25e4aed0312d292c09f61af25bba34e0b2c88546041472b09088c39a4d828af1 \
    --hash=sha256:26a473dbb4162108b27901492546f83c76fdcea3d0eadff00ae7a07e18dcce09 \
    --hash=sha256:277fefe9d76ee17eb14debf399e3533d4d63b5f677a4d3719eb763536af1f4bd \
    --hash=sha256:2d057a602cdd19a0ad680417527c45b6961a095081c0f46fe0e03e304aac6470 \
    --hash=sha256:32ef5f4283a3be81913947d19608eacb7c6608026851123790cd9cc8982af34b \
    --hash=sha256:33d7d766701847dc6729846362dc27895d2f2d2251264f9d10e7cb9878194877 \
    --hash=sha256:34fd2317602587321faab75ab76c623a0117e80841a6413654f04e47f339a8fb \
    --hash=sha256:3513550321f8c8c811a7c3297b8a630e82dc08e4c10216d07703c997776236cd \
    --hash=sha256:380cdce7ba24989af81d0a7013d0aaec5d0e2a21734c0e2681b1bc4f141957fe \
    --hash=sha256:3a81d52442a7c99b3662333235b3adf96a1715864658b35bb797212be7bddb97 \
    --hash=sha256:3ebca4179031ee716ed076ffadc29428e900512f6fccee8614c9983157fcf19c \
    --hash=sha256:48ee05097750de0ff69ed5b7bbcf0732182fd57a24043dcc2a1da780a5ead3a5 \
    --hash=sha256:4bab1b2d6141fe7b32ae71dac905666ece4f94936efbfb13d55bb7739a3a6021 \
    --hash=sha256:4d4e98d6f3b8afed8bc8cd9718ec0cdf46661826beefb53fe8eafb37f2bf0362 \
    --hash=sha256:4d7fde5501b944f83b3e665e1b31343ff6e154b15560a16b7130ea1e594a4206 \
    --hash=sha256:4da3c38a2083ca4aaf9c2a36776cce3e9328e6647b10d118948f3cfb4913ffe4 \
    --hash=sha256:4e39364e726a8fff737309aff059ff67d8a8c8d5b677be7bb49a8b3e84b7e218 \
    --hash=sha256:4fd66214623f1b17501df9f0543bef0b833979ab5b6ded1e1d123222866aa8c9 \
    --hash=sha256:4fef17e1f8722c11587a6ef18e35902450221da0028e65dbaaa543619e68e48f \
    --hash=sha256:53b50b0e14084b8f7e29c5ce84c5af0f1160169b30d8a6914231d97d2fe297d4 \
    --hash=sha256:57ea77fb70a448ce87d18fca050193202a3da5e54598f6501ca5476fb66cfe02 \
    --hash=sha256:59e403b1cc5a676da8eaf31f6254801b7341b3e29efa85f92b48d272637e77be \
    --hash=sha256:5b192c6cf397e4455b11523c5cf2b18ed084c1bbd61b6c0926344d2129481972 \
    --hash=sha256:5f63aaf97afd9f6dec5b1a68e1b8da12bfccb4cb9a9a65c3e0b6c847849e7586 \
    --hash=sha256:63e0efbc991250c0b3143488fa57d95affcabbfc63c99c48d625dd37779aafe2 \
    --hash=sha256:6cc7923789694fd58f001cbcac7e47abc13af4d560ebbfcf3b41a8b1a0748124 \
    --hash=sha256:71e63adb0e1f1ed5d9e168f50a91ceb93ae6420731d222dc7da5c69409aa47aa \
    --hash=sha256:71f3db16e69b667b132e0f305a833d5497da302d801508cbb051ed9a9819da47 \
    --hash=sha256:844417969855fc7a41be124aafe83dc424592a7f77cd4501900c67307122b92c \
    --hash=sha256:8697ab6a080a5c46edaad50e2bc5bd8c7ca5c66442d24104fa44ec74910a8244 \
    --hash=sha256:87e4d4ab280b0c87424d47695bec2182caf8cfc17879ea78dab76680194abc13 \
    --hash=sha256:8aff7da9952a5ad1cef8e68017724d96c7b9a66e99e91d6252e1b133d67a7b10 \
    --hash=sha256:8ecc30f10465fa1e0ce13fd01d9e22c316e5053a719a8d915d4545a09a5ff677 \
    --hash=sha256:97d0d932803c1b164fde11cb542a9efcb1e0f63b184537cca65887147906ff48 \
    --hash=sha256:97db4c94a7db398a5bd636273324f0b3fd58b350bbbac8bb380ceb825a9b40f4 \
    --hash=sha256:9af678d6488357948f1f84c6cd1c1d397c014e1ae2f98ae082a44eb48f602624 \
    --hash=sha256:9ef6fe90aadef185c7b128859f40beb24720b4ecea95379fc9000931179c3a49 \
    --hash=sha256:9f78cf8fec5bd627f4082b8dfeac7871b43d7f3274904492a43dab39f18a19a0 \
    --hash=sha256:a028425d1b440c5d92a6be1e1a020739dfe67ea87d96c6dbe828c1b30041728b \
    --hash=sha256:a6082706765a95a6680d812e1daf1c0cfe8adec7831b3ff3b625693f3b461b1c \
    --hash=sha256:a8f5f8bc7ce7d59f08d9f99fa510c06496164a24cb5f3d34537dbd9ca30132e2 \
    --hash=sha256:aaea64f3f467d22e70eeed68bdccb3bc4f83f650446c4a03c59f2cba28a108db \
    --hash=sha256:ace6c58523302d3b97b6ac5c38a5298a54b473762b6be82726b4265c41029f92 \
    --hash=sha256:b3afcf569c15577a9fe64627292daa3e6b3a70f4fb77a5df246a87ec21681b94 \
    --hash=sha256:b6ef1979adc4bc243523f1a2ba91418030a8e29b0a99cbe7e0e2d6807d4dce6e \
    --hash=sha256:be4fa4f0af7fa18951f7ab3fc2148e223af211bf03f59e1c6034ec3f97f21d61 \
    --hash=sha256:c2d3dc759490128c5c1711a53eeaa8ee1d437fd0038ffd2b6008abf46db3f882 \
    --hash=sha256:c5d001196b89fa9cf0a4ab79766cd835b991a166e4b621ba95089edc50c429ff \
    --hash=sha256:cce9127885941bd28f080cecf1f1d288336b7e0d812c345b08be88b572796254 \
    --hash=sha256:cde1a448023ba7d5bb4c01c5afb48894380b5e4956e0627266526587ef4e535f \
    --hash=sha256:d4087e5c0209a0a8efe4de3303c234b9c44d1174161dcd851e8eea07c7560b32 \
    --hash=sha256:d8ea516b3726d190e1b4297e6f4e7a8650347ae053868a18163b4dd3641d1fff \
    --hash=sha256:e30ab17845bb9fa54ccf67fa4f9f5282652d54faa6d17452f47d0f369d038673 \
    --hash=sha256:e5c9b8f28e726e97d97696c826bc7bea5d71cecd63576dba92924a32c1961291 \
    --hash=sha256:ea407d4ccf5891d667d045fecae97a7a1e5e87b3b97f97ae1803c2e741130be0 \
    --hash=sha256:ea5c46eb2d3af39e806b986f4b09d5c2706a1f5afde3cbf7544ce6616127173c \
    --hash=sha256:eebdbdeef0094e4f5aefa20dcd4eb2368ab5e7a3b4edea27f1e7b2892e009cf9 \
    --hash=sha256:f01c4818b3fc9b0da8e096722a84318071eaa118df35f6ed2344da0e73a5444f \
    --hash=sha256:f36b7f32c7c0db4a719f1fc5824db4a9c6f8bd1a354debb91faf26ebf3a4c71e \
    --hash=sha256:f5d89a2ed90731df3be64bab0aa44f78bff39fdc9d71c291f4a8023aa46425b7 \
    --hash=sha256:ffe02797b5e9f3a9d8292ddcd289b474ad13e81ad83cd1891a240811f1d2cb81
    # via -r requirements.in
pyarrow==25.0.0 \
    --hash=sha256:0222f0071d13313962a88d21bf28b80d355ac39d81bfa6ff3fe00eeaf748e4be \
    --hash=sha256:0490a7f8b38ffe11cc26526b50c65d111cb54ddac3717cec781806793f1244dc \
    --hash=sha256:0721332c30fdd453fdd1fc203b2ac1f4c9db5aea28fa38d41f2574c4b068b9ec \
    --hash=sha256:13240f0d3dc5932ccd0bfa90cd76d835680b9d94a7661c635df4b703d40ce849 \
    --hash=sha256:149730a3d1f0fb59d663a0b8aa210adfd9c17c27cd94a0d143e60daea8320d4e \
    --hash=sha256:161649d60a7a46c613a19fd795763ea8a88c36ba997dd99d9bc66e6794ee36e8 \
    --hash=sha256:18dcc8cc50b5e72eae6fcbfc6c8776c21a007176b27a3cdec5c2f5bcf126708d \
    --hash=sha256:20887a762dd61dcc530f93a140840ab1f6aa7836b33270e42d627ab3cf11e537 \
    --hash=sha256:244f98a595f70fa4fd35faa7508c4ae67e14a173397a4b3b49d2b3c360fb0062 \
    --hash=sha256:26be35b80780d2d21f4bae3d568b1666337c3a89722cc1794c956a77017cb24e \
    --hash=sha256:2e093efbecb5317372f819228fa4b4e6157eee48d3f0a7b0303705ebf81a7104 \
    --hash=sha256:2e3b6544e26e393fe2cd530f523e36c1c8d3c345bbbb60cca3fd866be8322517 \
    --hash=sha256:38a2c887cb3883e241b70201688db34133b6dfadd04f03c8f9213df53770c18e \
    --hash=sha256:3f356afe61186395c861d5cd63dc21ff7d5fa335012a4668d979257df7fea0f5 \
    --hash=sha256:447df764beb07c544f0178a5f6b70ef44b9ecf382b3cdfad4c2d7867353c3887 \
    --hash=sha256:4ec1895a87aa834c3b99b7a1e758747eb8bb57f922b32c0e0fa04afb8d6998b1 \
    --hash=sha256:58d1ab556b0cea1c93fdb799b24ad58adb2f2a2788dbce782a94f64ae1a5cc9b \
    --hash=sha256:59516c822d5fd8e544aaa0dfe72f36fed5d4c24ea8390aab1bcd31d7e959c6be \
    --hash=sha256:5d1dbf24e151042f2fa3c129563f65d66674128868496fb008c4272b16bdf778 \
    --hash=sha256:5f4bacb60f91dd2fca6c52f1b9a0012cd090e0294f1f781dc1881a247a352f8e \
    --hash=sha256:5fb2d837960f1df7f679ff9f1a55065e306347d379e0768cebf14781254d6194 \
    --hash=sha256:6f4812bfbf11ca7d8faf59eb8fff8bf4dd25ce3a38b62baa010cc17a0926d1b2 \
    --hash=sha256:6f9dbd83e91c239a1f5ee7ce13f108b5f6c0efbe40a4375260d8f08b43ad05e9 \
    --hash=sha256:72132b9a8a0a1840197794d4dea26080069b6b0981c116bc078762dc9691b21b \
    --hash=sha256:77c8d1ae46a44b4006e8db1cc977bbcc6ce4873c92f74137d68e45503b97fb18 \
    --hash=sha256:7d6da02ffc7a3a9bda3b7ded4cc2a27ff73969ab37153f3afd46bbbc1ba4f0f7 \
    --hash=sha256:8831a3ba52fa7cdb78d368d968b1dcd06171e6dff5461e16d90de91d371e47bc \
    --hash=sha256:ac5dfeee59f9ceb4d45ba76e83b026c38c24334135bb329d8274baa49cec3c62 \
    --hash=sha256:add690feafa0953c443cdba9e9e87f5eaa198f1ea2e43a3b146ea83f202262d0 \
    --hash=sha256:b58726f118c079f9d4ed7e904975d4f15fd69d0741ba511a4e2dcaa4ef16354f \
    --hash=sha256:b724d127783b4c19f088fcdfc844cbc318809246a30307bcabd5ed02045e890e \
    --hash=sha256:b72d943ff4e10fec8d48aedb23322d8f6ea8bc2d698b81db37e73730f69e4862 \
    --hash=sha256:b8af8ceedf0c9c160fd2b63440f2d205b9404db85866c1217bfea601de7cfb50 \
    --hash=sha256:c70a5fd9a82bd1a702fd482bdc62d38dcb672fb2b449b1d7c0d7d1f4be7b7bfe \
    --hash=sha256:ce0ca222802087b9a8cb031a6468442cb6b67c290a45a601cac64753d34954d3 \
    --hash=sha256:d293e9959b29a24c82d936d04ab2b7fd8b8d334030de2e56a99aba94f008ad7a \
    --hash=sha256:d2d697008b5ec06d75952ef260c2e9a8a0f6ccfce24266c04c9c8ade927cb3b4 \
    --hash=sha256:dbf9fa5d4bde73b1cc16377dcaaa010f971e6fa7f5083f5d44f34b50bc1d74af \
    --hash=sha256:e009ef945e498dca2f050ea10d2e9764cb44017254826fc4574fdb8d2530173b \
    --hash=sha256:e83916bbcf380866b4e14255850b33323ff678dc9758411d0409cdd2523880b0 \
    --hash=sha256:f0f100dacf2c0f400601664a79d1a907ced4740514bb2b00917341038e2ce76f \
    --hash=sha256:f57a39dbcb416345401c2e77a4373669b45fd111a1768e6cf267a7a0607ff0ec \
    --hash=sha256:fa1482b3da10cac2d4db6e26b81da543e237616af2ef6d466018b31ca586496f
    # via -r requirements-ops.in
